
Microsoft Visual Studio Solution File, Format Version 9.00
# Visual Studio 2005
Project("{8BC9CEB8-8B4A-11D0-8D11-00A0C91BC942}") = "doom-crt", "doom-crt.vcproj", "{3B494A1B-20E5-4598-9FEB-0A0DF31678E0}"
EndProject
Global
	GlobalSection(SolutionConfigurationPlatforms) = preSolution
		Debug|Win32 = Debug|Win32
		Release|Win32 = Release|Win32
	EndGlobalSection
	GlobalSection(ProjectConfigurationPlatforms) = postSolution
		{3B494A1B-20E5-4598-9FEB-0A0DF31678E0}.Debug|Win32.ActiveCfg = Debug|Win32
		{3B494A1B-20E5-4598-9FEB-0A0DF31678E0}.Debug|Win32.Build.0 = Debug|Win32
		{3B494A1B-20E5-4598-9FEB-0A0DF31678E0}.Release|Win32.ActiveCfg = Release|Win32
		{3B494A1B-20E5-4598-9FEB-0A0DF31678E0}.Release|Win32.Build.0 = Release|Win32
	EndGlobalSection
	GlobalSection(SolutionProperties) = preSolution
		HideSolutionNode = FALSE
	EndGlobalSection
EndGlobal
